{
  "version": 4,
  "terraform_version": "1.9.7",
  "serial": 25,
  "lineage": "3395a1a0-b55e-3cc8-a68d-5bb04b56feda",
  "outputs": {},
  "resources": [
    {
      "module": "module.gke",
      "mode": "managed",
      "type": "google_container_cluster",
      "name": "gke_cluster",
      "provider": "provider[\"registry.terraform.io/hashicorp/google\"]",
      "instances": [
        {
          "schema_version": 2,
          "attributes": {
            "addons_config": [
              {
                "cloudrun_config": [],
                "config_connector_config": [],
                "dns_cache_config": [],
                "gce_persistent_disk_csi_driver_config": [
                  {
                    "enabled": true
                  }
                ],
                "gcp_filestore_csi_driver_config": [],
                "gcs_fuse_csi_driver_config": [],
                "gke_backup_agent_config": [],
                "horizontal_pod_autoscaling": [],
                "http_load_balancing": [],
                "network_policy_config": [
                  {
                    "disabled": true
                  }
                ],
                "ray_operator_config": [],
                "stateful_ha_config": []
              }
            ],
            "allow_net_admin": null,
            "authenticator_groups_config": [],
            "binary_authorization": [
              {
                "enabled": false,
                "evaluation_mode": ""
              }
            ],
            "cluster_autoscaling": [
              {
                "auto_provisioning_defaults": [],
                "auto_provisioning_locations": [],
                "autoscaling_profile": "BALANCED",
                "enabled": false,
                "resource_limits": []
              }
            ],
            "cluster_ipv4_cidr": "10.156.0.0/14",
            "confidential_nodes": [],
            "cost_management_config": [],
            "database_encryption": [
              {
                "key_name": "",
                "state": "DECRYPTED"
              }
            ],
            "datapath_provider": "",
            "default_max_pods_per_node": 110,
            "default_snat_status": [
              {
                "disabled": false
              }
            ],
            "deletion_protection": true,
            "description": "",
            "dns_config": [],
            "effective_labels": {
              "goog-terraform-provisioned": "true"
            },
            "enable_autopilot": false,
            "enable_cilium_clusterwide_network_policy": false,
            "enable_intranode_visibility": false,
            "enable_k8s_beta_apis": [],
            "enable_kubernetes_alpha": false,
            "enable_l4_ilb_subsetting": false,
            "enable_legacy_abac": false,
            "enable_multi_networking": false,
            "enable_shielded_nodes": true,
            "enable_tpu": false,
            "endpoint": "34.122.90.123",
            "fleet": [],
            "gateway_api_config": [],
            "id": "projects/nasir-gke-pub-dev/locations/us-central1/clusters/nasir-dev-cluster",
            "identity_service_config": [],
            "initial_node_count": 1,
            "ip_allocation_policy": [
              {
                "additional_pod_ranges_config": [],
                "cluster_ipv4_cidr_block": "10.156.0.0/14",
                "cluster_secondary_range_name": "gke-nasir-dev-cluster-pods-50834c6c",
                "pod_cidr_overprovision_config": [
                  {
                    "disabled": false
                  }
                ],
                "services_ipv4_cidr_block": "34.118.224.0/20",
                "services_secondary_range_name": "",
                "stack_type": "IPV4"
              }
            ],
            "label_fingerprint": "78cdf2f6",
            "location": "us-central1",
            "logging_config": [
              {
                "enable_components": [
                  "SYSTEM_COMPONENTS",
                  "WORKLOADS"
                ]
              }
            ],
            "logging_service": "logging.googleapis.com/kubernetes",
            "maintenance_policy": [],
            "master_auth": [
              {
                "client_certificate": "",
                "client_certificate_config": [
                  {
                    "issue_client_certificate": false
                  }
                ],
                "client_key": "",
                "cluster_ca_certificate": "LS0tLS1CRUdJTiBDRVJUSUZJQ0FURS0tLS0tCk1JSUVMVENDQXBXZ0F3SUJBZ0lSQUp1ck5UQk5tNmxtQkxKeFRLWE56bDh3RFFZSktvWklodmNOQVFFTEJRQXcKTHpFdE1Dc0dBMVVFQXhNa1lqVXhZVGxoTVRJdE1UaGxNQzAwTm1GaUxUaGxPR1V0TTJZNU1HTXlaalpoTVRGbApNQ0FYRFRJME1UQXhNakUzTWpVeU5Gb1lEekl3TlRReE1EQTFNVGd5TlRJMFdqQXZNUzB3S3dZRFZRUURFeVJpCk5URmhPV0V4TWkweE9HVXdMVFEyWVdJdE9HVTRaUzB6Wmprd1l6Sm1ObUV4TVdVd2dnR2lNQTBHQ1NxR1NJYjMKRFFFQkFRVUFBNElCandBd2dnR0tBb0lCZ1FDWTVrenEyV1U1OHhKY1FCRmQ5Y1ljdi8xZTFWLzUvbG1lcFZEbApXUU1EekRlU3paS2RwakpoMU9jN0g2YUw1YTErVFB2bUJEOEhibEg0MHhnYmExdXByUmdPUFVscXUrZnJ0THE5ClRkZUJoUkMxeTBCSk9XQ2x6UGpZMnB0YkJibjdZakFjVHhhWHFsMnJuWXEvUE5zU0JCbEdyZmNQU0YwSFAxS1AKMEFZQ3ZyWERSdDZSdUt4Ym5WNFpsTXlaOFViL3lyZ3gxYzFtSVd6aDZxNWQzck81UnVmZ0l2MFFQc0psb3gzNApBSE5NUW5TSEo0NjVSZTJ4T2VkMDJocW1maWZMVlpvcWpReW81R3k4UUNONlJDM0R6NU9aMmRPeUlOb05zcU90ClAzdGJHV2ZQaGo5ZjRXS2FlN0t3a00yalNBVHIvSDJnNSs5aXdOY2JJbGI5MjBxSytFM2F4ekVGY1llYUQ4NXoKVEUyRVRGUFhsSkZVT2E0WExqRXk3NWJVS3R5Z1c5MEhlNUF3aVhzN0xoK3ErRHZ1YXhZaTg1bWxxYmcrRmt2Ywp2c0RZdndCd01UM25EMmoycEFJZEcwQldHYzVkUG1QUWVVSnA1c0MwN3NjankvaUczT0NIZStacHk3MXZaWTNQCjdEdkY2cU14NUxua01qUjNUckdsbDVKZ3R5MENBd0VBQWFOQ01FQXdEZ1lEVlIwUEFRSC9CQVFEQWdJRU1BOEcKQTFVZEV3RUIvd1FGTUFNQkFmOHdIUVlEVlIwT0JCWUVGREhVYWNXbzduWlh1ZkhVbjlJUFg2bi9zU3o1TUEwRwpDU3FHU0liM0RRRUJDd1VBQTRJQmdRQWxISEVxNnJqdzlIcFMydlNEWnY3TXYzQ1RqWWRjVlhqbmMvQmRvZk5ZCkFIZGlFOXZnZTFhQkNva083MHlDdENvY3JydjBjUFlOVzJjOEkvWUNndVhLT3hqS2E2WXhvL2xCT2hRWS94UXQKdnhPMnlVcFRtcElJenBGYW5GNFlLUUdrUFBEU3hPanpQRXd6elo2QjFDYVRvWHNraHdDc2NwdjBrdDg1VFVMZgpKaEZFK2VsVENBSlQ1VlRIcjczZVhGOVpFckp1Y3RlSDJXUTZRSXJZZWNIM2J3RjlwTC91dEJ0cEM3M2IvK0FFCnJsc0VtVUpsMzNVNTZjd3BVZDJsK0FSS1B5RmNDZksrOWU3N0gzck1kSkY3MU4yaFZ5VlFjRjNkKzdrbnk0c2UKa2RaWUhqRDJ6Y3pUM0toSXhZR2c3K3JjaXNSTlA2NU5RbS9zMzFUSUo5T3IzYzBLbGVXRXYrWjczSUN1aE5zVgpoYndudVIzSVprU2pWcmJKZmxzODA0MURLWVhxalE4b1NhZHV5ZGlKMzBGYmd6TFRxSU1qclc5OWxGYzFoSGxrCm5yWDBxS3krMmhiSHpESVhWRVoyWGo3SHNYSTV0c3NCaU9WSGJZMW9SU1YrdXFNT05mWkxsVks2aHdJUzBOSHgKaXJXamNweEkrR2oyWlFxZkdKbk02K3M9Ci0tLS0tRU5EIENFUlRJRklDQVRFLS0tLS0K"
              }
            ],
            "master_authorized_networks_config": [],
            "master_version": "1.30.4-gke.1348000",
            "mesh_certificates": [],
            "min_master_version": null,
            "monitoring_config": [
              {
                "advanced_datapath_observability_config": [
                  {
                    "enable_metrics": false,
                    "enable_relay": false
                  }
                ],
                "enable_components": [
                  "SYSTEM_COMPONENTS",
                  "STORAGE",
                  "HPA",
                  "POD",
                  "DAEMONSET",
                  "DEPLOYMENT",
                  "STATEFULSET",
                  "CADVISOR",
                  "KUBELET"
                ],
                "managed_prometheus": [
                  {
                    "enabled": true
                  }
                ]
              }
            ],
            "monitoring_service": "monitoring.googleapis.com/kubernetes",
            "name": "nasir-dev-cluster",
            "network": "projects/nasir-gke-pub-dev/global/networks/dev-vpc",
            "network_policy": [
              {
                "enabled": false,
                "provider": "PROVIDER_UNSPECIFIED"
              }
            ],
            "networking_mode": "VPC_NATIVE",
            "node_config": [
              {
                "advanced_machine_features": [],
                "boot_disk_kms_key": "",
                "confidential_nodes": [],
                "containerd_config": [],
                "disk_size_gb": 100,
                "disk_type": "pd-standard",
                "effective_taints": [],
                "enable_confidential_storage": false,
                "ephemeral_storage_local_ssd_config": [],
                "fast_socket": [],
                "gcfs_config": [],
                "guest_accelerator": [],
                "gvnic": [],
                "host_maintenance_policy": [],
                "image_type": "COS_CONTAINERD",
                "kubelet_config": [],
                "labels": {},
                "linux_node_config": [],
                "local_nvme_ssd_block_config": [],
                "local_ssd_count": 0,
                "logging_variant": "DEFAULT",
                "machine_type": "e2-standard-4",
                "metadata": {
                  "disable-legacy-endpoints": "true"
                },
                "min_cpu_platform": "",
                "node_group": "",
                "oauth_scopes": [
                  "https://www.googleapis.com/auth/cloud-platform"
                ],
                "preemptible": false,
                "reservation_affinity": [],
                "resource_labels": {},
                "resource_manager_tags": {},
                "secondary_boot_disks": [],
                "service_account": "nasir-gke-pub@nasir-gke-pub-dev.iam.gserviceaccount.com",
                "shielded_instance_config": [
                  {
                    "enable_integrity_monitoring": true,
                    "enable_secure_boot": false
                  }
                ],
                "sole_tenant_config": [],
                "spot": false,
                "storage_pools": [],
                "tags": [],
                "taint": [],
                "workload_metadata_config": []
              }
            ],
            "node_locations": [
              "us-central1-b",
              "us-central1-c",
              "us-central1-f"
            ],
            "node_pool": [
              {
                "autoscaling": [
                  {
                    "location_policy": "BALANCED",
                    "max_node_count": 3,
                    "min_node_count": 1,
                    "total_max_node_count": 0,
                    "total_min_node_count": 0
                  }
                ],
                "initial_node_count": 0,
                "instance_group_urls": [
                  "https://www.googleapis.com/compute/v1/projects/nasir-gke-pub-dev/zones/us-central1-c/instanceGroupManagers/gke-nasir-dev-cluste-nasir-dev-cluste-ab891683-grp",
                  "https://www.googleapis.com/compute/v1/projects/nasir-gke-pub-dev/zones/us-central1-f/instanceGroupManagers/gke-nasir-dev-cluste-nasir-dev-cluste-ea1cfe8d-grp",
                  "https://www.googleapis.com/compute/v1/projects/nasir-gke-pub-dev/zones/us-central1-b/instanceGroupManagers/gke-nasir-dev-cluste-nasir-dev-cluste-4cd88a79-grp"
                ],
                "managed_instance_group_urls": [
                  "https://www.googleapis.com/compute/v1/projects/nasir-gke-pub-dev/zones/us-central1-c/instanceGroups/gke-nasir-dev-cluste-nasir-dev-cluste-ab891683-grp",
                  "https://www.googleapis.com/compute/v1/projects/nasir-gke-pub-dev/zones/us-central1-f/instanceGroups/gke-nasir-dev-cluste-nasir-dev-cluste-ea1cfe8d-grp",
                  "https://www.googleapis.com/compute/v1/projects/nasir-gke-pub-dev/zones/us-central1-b/instanceGroups/gke-nasir-dev-cluste-nasir-dev-cluste-4cd88a79-grp"
                ],
                "management": [
                  {
                    "auto_repair": true,
                    "auto_upgrade": true
                  }
                ],
                "max_pods_per_node": 110,
                "name": "nasir-dev-cluster-separate-pool",
                "name_prefix": "",
                "network_config": [
                  {
                    "additional_node_network_configs": [],
                    "additional_pod_network_configs": [],
                    "create_pod_range": false,
                    "enable_private_nodes": false,
                    "network_performance_config": [],
                    "pod_cidr_overprovision_config": [],
                    "pod_ipv4_cidr_block": "10.156.0.0/14",
                    "pod_range": "gke-nasir-dev-cluster-pods-50834c6c"
                  }
                ],
                "node_config": [
                  {
                    "advanced_machine_features": [],
                    "boot_disk_kms_key": "",
                    "confidential_nodes": [],
                    "containerd_config": [],
                    "disk_size_gb": 100,
                    "disk_type": "pd-standard",
                    "effective_taints": [],
                    "enable_confidential_storage": false,
                    "ephemeral_storage_local_ssd_config": [],
                    "fast_socket": [],
                    "gcfs_config": [],
                    "guest_accelerator": [],
                    "gvnic": [],
                    "host_maintenance_policy": [],
                    "image_type": "COS_CONTAINERD",
                    "kubelet_config": [],
                    "labels": {},
                    "linux_node_config": [],
                    "local_nvme_ssd_block_config": [],
                    "local_ssd_count": 0,
                    "logging_variant": "DEFAULT",
                    "machine_type": "e2-standard-4",
                    "metadata": {
                      "disable-legacy-endpoints": "true"
                    },
                    "min_cpu_platform": "",
                    "node_group": "",
                    "oauth_scopes": [
                      "https://www.googleapis.com/auth/cloud-platform"
                    ],
                    "preemptible": false,
                    "reservation_affinity": [],
                    "resource_labels": {},
                    "resource_manager_tags": {},
                    "secondary_boot_disks": [],
                    "service_account": "nasir-gke-pub@nasir-gke-pub-dev.iam.gserviceaccount.com",
                    "shielded_instance_config": [
                      {
                        "enable_integrity_monitoring": true,
                        "enable_secure_boot": false
                      }
                    ],
                    "sole_tenant_config": [],
                    "spot": false,
                    "storage_pools": [],
                    "tags": [],
                    "taint": [],
                    "workload_metadata_config": []
                  }
                ],
                "node_count": 0,
                "node_locations": [
                  "us-central1-b",
                  "us-central1-c",
                  "us-central1-f"
                ],
                "placement_policy": [],
                "queued_provisioning": [],
                "upgrade_settings": [
                  {
                    "blue_green_settings": [],
                    "max_surge": 1,
                    "max_unavailable": 0,
                    "strategy": "SURGE"
                  }
                ],
                "version": "1.30.4-gke.1348000"
              },
              {
                "autoscaling": [
                  {
                    "location_policy": "BALANCED",
                    "max_node_count": 3,
                    "min_node_count": 1,
                    "total_max_node_count": 0,
                    "total_min_node_count": 0
                  }
                ],
                "initial_node_count": 0,
                "instance_group_urls": [
                  "https://www.googleapis.com/compute/v1/projects/nasir-gke-pub-dev/zones/us-central1-c/instanceGroupManagers/gke-nasir-dev-cluste-nasir-dev-cluste-3ae046bd-grp",
                  "https://www.googleapis.com/compute/v1/projects/nasir-gke-pub-dev/zones/us-central1-f/instanceGroupManagers/gke-nasir-dev-cluste-nasir-dev-cluste-20dedf0e-grp",
                  "https://www.googleapis.com/compute/v1/projects/nasir-gke-pub-dev/zones/us-central1-b/instanceGroupManagers/gke-nasir-dev-cluste-nasir-dev-cluste-242022a9-grp"
                ],
                "managed_instance_group_urls": [
                  "https://www.googleapis.com/compute/v1/projects/nasir-gke-pub-dev/zones/us-central1-c/instanceGroups/gke-nasir-dev-cluste-nasir-dev-cluste-3ae046bd-grp",
                  "https://www.googleapis.com/compute/v1/projects/nasir-gke-pub-dev/zones/us-central1-f/instanceGroups/gke-nasir-dev-cluste-nasir-dev-cluste-20dedf0e-grp",
                  "https://www.googleapis.com/compute/v1/projects/nasir-gke-pub-dev/zones/us-central1-b/instanceGroups/gke-nasir-dev-cluste-nasir-dev-cluste-242022a9-grp"
                ],
                "management": [
                  {
                    "auto_repair": true,
                    "auto_upgrade": true
                  }
                ],
                "max_pods_per_node": 110,
                "name": "nasir-dev-cluster-primary-pool",
                "name_prefix": "",
                "network_config": [
                  {
                    "additional_node_network_configs": [],
                    "additional_pod_network_configs": [],
                    "create_pod_range": false,
                    "enable_private_nodes": false,
                    "network_performance_config": [],
                    "pod_cidr_overprovision_config": [],
                    "pod_ipv4_cidr_block": "10.156.0.0/14",
                    "pod_range": "gke-nasir-dev-cluster-pods-50834c6c"
                  }
                ],
                "node_config": [
                  {
                    "advanced_machine_features": [],
                    "boot_disk_kms_key": "",
                    "confidential_nodes": [],
                    "containerd_config": [],
                    "disk_size_gb": 100,
                    "disk_type": "pd-standard",
                    "effective_taints": [],
                    "enable_confidential_storage": false,
                    "ephemeral_storage_local_ssd_config": [],
                    "fast_socket": [],
                    "gcfs_config": [],
                    "guest_accelerator": [],
                    "gvnic": [],
                    "host_maintenance_policy": [],
                    "image_type": "COS_CONTAINERD",
                    "kubelet_config": [],
                    "labels": {},
                    "linux_node_config": [],
                    "local_nvme_ssd_block_config": [],
                    "local_ssd_count": 0,
                    "logging_variant": "DEFAULT",
                    "machine_type": "n1-standard-1",
                    "metadata": {
                      "disable-legacy-endpoints": "true"
                    },
                    "min_cpu_platform": "",
                    "node_group": "",
                    "oauth_scopes": [
                      "https://www.googleapis.com/auth/cloud-platform"
                    ],
                    "preemptible": false,
                    "reservation_affinity": [],
                    "resource_labels": {},
                    "resource_manager_tags": {},
                    "secondary_boot_disks": [],
                    "service_account": "nasir-gke-pub@nasir-gke-pub-dev.iam.gserviceaccount.com",
                    "shielded_instance_config": [
                      {
                        "enable_integrity_monitoring": true,
                        "enable_secure_boot": false
                      }
                    ],
                    "sole_tenant_config": [],
                    "spot": false,
                    "storage_pools": [],
                    "tags": [],
                    "taint": [],
                    "workload_metadata_config": []
                  }
                ],
                "node_count": 0,
                "node_locations": [
                  "us-central1-b",
                  "us-central1-c",
                  "us-central1-f"
                ],
                "placement_policy": [],
                "queued_provisioning": [],
                "upgrade_settings": [
                  {
                    "blue_green_settings": [],
                    "max_surge": 1,
                    "max_unavailable": 0,
                    "strategy": "SURGE"
                  }
                ],
                "version": "1.30.4-gke.1348000"
              }
            ],
            "node_pool_auto_config": [],
            "node_pool_defaults": [
              {
                "node_config_defaults": [
                  {
                    "containerd_config": [],
                    "gcfs_config": [],
                    "insecure_kubelet_readonly_port_enabled": "FALSE",
                    "logging_variant": "DEFAULT"
                  }
                ]
              }
            ],
            "node_version": "1.30.4-gke.1348000",
            "notification_config": [
              {
                "pubsub": [
                  {
                    "enabled": false,
                    "filter": [],
                    "topic": ""
                  }
                ]
              }
            ],
            "operation": null,
            "private_cluster_config": [
              {
                "enable_private_endpoint": false,
                "enable_private_nodes": false,
                "master_global_access_config": [
                  {
                    "enabled": false
                  }
                ],
                "master_ipv4_cidr_block": "",
                "peering_name": "",
                "private_endpoint": "10.0.0.22",
                "private_endpoint_subnetwork": "",
                "public_endpoint": "34.122.90.123"
              }
            ],
            "private_ipv6_google_access": "",
            "project": "nasir-gke-pub-dev",
            "release_channel": [
              {
                "channel": "REGULAR"
              }
            ],
            "remove_default_node_pool": true,
            "resource_labels": {},
            "resource_usage_export_config": [],
            "secret_manager_config": [
              {
                "enabled": false
              }
            ],
            "security_posture_config": [
              {
                "mode": "BASIC",
                "vulnerability_mode": "VULNERABILITY_MODE_UNSPECIFIED"
              }
            ],
            "self_link": "https://container.googleapis.com/v1/projects/nasir-gke-pub-dev/locations/us-central1/clusters/nasir-dev-cluster",
            "service_external_ips_config": [
              {
                "enabled": false
              }
            ],
            "services_ipv4_cidr": "34.118.224.0/20",
            "subnetwork": "projects/nasir-gke-pub-dev/regions/us-central1/subnetworks/dev-subnet",
            "terraform_labels": {
              "goog-terraform-provisioned": "true"
            },
            "timeouts": null,
            "tpu_ipv4_cidr_block": "",
            "vertical_pod_autoscaling": [],
            "workload_identity_config": []
          },
          "sensitive_attributes": [
            [
              {
                "type": "get_attr",
                "value": "master_auth"
              },
              {
                "type": "index",
                "value": {
                  "value": 0,
                  "type": "number"
                }
              },
              {
                "type": "get_attr",
                "value": "client_key"
              }
            ]
          ],
          "private": "eyJlMmJmYjczMC1lY2FhLTExZTYtOGY4OC0zNDM2M2JjN2M0YzAiOnsiY3JlYXRlIjoyNDAwMDAwMDAwMDAwLCJkZWxldGUiOjI0MDAwMDAwMDAwMDAsInJlYWQiOjI0MDAwMDAwMDAwMDAsInVwZGF0ZSI6MzYwMDAwMDAwMDAwMH0sInNjaGVtYV92ZXJzaW9uIjoiMiJ9",
          "dependencies": [
            "module.vpc.google_compute_network.vpc_network",
            "module.vpc.google_compute_subnetwork.vpc_subnet"
          ]
        }
      ]
    },
    {
      "module": "module.gke",
      "mode": "managed",
      "type": "google_container_node_pool",
      "name": "primary_pool",
      "provider": "provider[\"registry.terraform.io/hashicorp/google\"]",
      "instances": [
        {
          "schema_version": 1,
          "attributes": {
            "autoscaling": [
              {
                "location_policy": "BALANCED",
                "max_node_count": 3,
                "min_node_count": 1,
                "total_max_node_count": 0,
                "total_min_node_count": 0
              }
            ],
            "cluster": "nasir-dev-cluster",
            "id": "projects/nasir-gke-pub-dev/locations/us-central1/clusters/nasir-dev-cluster/nodePools/nasir-dev-cluster-primary-pool",
            "initial_node_count": 0,
            "instance_group_urls": [
              "https://www.googleapis.com/compute/v1/projects/nasir-gke-pub-dev/zones/us-central1-c/instanceGroupManagers/gke-nasir-dev-cluste-nasir-dev-cluste-3ae046bd-grp",
              "https://www.googleapis.com/compute/v1/projects/nasir-gke-pub-dev/zones/us-central1-f/instanceGroupManagers/gke-nasir-dev-cluste-nasir-dev-cluste-20dedf0e-grp",
              "https://www.googleapis.com/compute/v1/projects/nasir-gke-pub-dev/zones/us-central1-b/instanceGroupManagers/gke-nasir-dev-cluste-nasir-dev-cluste-242022a9-grp"
            ],
            "location": "us-central1",
            "managed_instance_group_urls": [
              "https://www.googleapis.com/compute/v1/projects/nasir-gke-pub-dev/zones/us-central1-c/instanceGroups/gke-nasir-dev-cluste-nasir-dev-cluste-3ae046bd-grp",
              "https://www.googleapis.com/compute/v1/projects/nasir-gke-pub-dev/zones/us-central1-f/instanceGroups/gke-nasir-dev-cluste-nasir-dev-cluste-20dedf0e-grp",
              "https://www.googleapis.com/compute/v1/projects/nasir-gke-pub-dev/zones/us-central1-b/instanceGroups/gke-nasir-dev-cluste-nasir-dev-cluste-242022a9-grp"
            ],
            "management": [
              {
                "auto_repair": true,
                "auto_upgrade": true
              }
            ],
            "max_pods_per_node": 110,
            "name": "nasir-dev-cluster-primary-pool",
            "name_prefix": "",
            "network_config": [
              {
                "additional_node_network_configs": [],
                "additional_pod_network_configs": [],
                "create_pod_range": false,
                "enable_private_nodes": false,
                "network_performance_config": [],
                "pod_cidr_overprovision_config": [],
                "pod_ipv4_cidr_block": "10.156.0.0/14",
                "pod_range": "gke-nasir-dev-cluster-pods-50834c6c"
              }
            ],
            "node_config": [
              {
                "advanced_machine_features": [],
                "boot_disk_kms_key": "",
                "confidential_nodes": [],
                "containerd_config": [],
                "disk_size_gb": 100,
                "disk_type": "pd-standard",
                "effective_taints": [],
                "enable_confidential_storage": false,
                "ephemeral_storage_local_ssd_config": [],
                "fast_socket": [],
                "gcfs_config": [],
                "guest_accelerator": [],
                "gvnic": [],
                "host_maintenance_policy": [],
                "image_type": "COS_CONTAINERD",
                "kubelet_config": [],
                "labels": {},
                "linux_node_config": [],
                "local_nvme_ssd_block_config": [],
                "local_ssd_count": 0,
                "logging_variant": "DEFAULT",
                "machine_type": "n1-standard-1",
                "metadata": {
                  "disable-legacy-endpoints": "true"
                },
                "min_cpu_platform": "",
                "node_group": "",
                "oauth_scopes": [
                  "https://www.googleapis.com/auth/cloud-platform"
                ],
                "preemptible": false,
                "reservation_affinity": [],
                "resource_labels": {},
                "resource_manager_tags": {},
                "secondary_boot_disks": [],
                "service_account": "nasir-gke-pub@nasir-gke-pub-dev.iam.gserviceaccount.com",
                "shielded_instance_config": [
                  {
                    "enable_integrity_monitoring": true,
                    "enable_secure_boot": false
                  }
                ],
                "sole_tenant_config": [],
                "spot": false,
                "storage_pools": [],
                "tags": [],
                "taint": [],
                "workload_metadata_config": []
              }
            ],
            "node_count": 0,
            "node_locations": [
              "us-central1-b",
              "us-central1-c",
              "us-central1-f"
            ],
            "operation": null,
            "placement_policy": [],
            "project": "nasir-gke-pub-dev",
            "queued_provisioning": [],
            "timeouts": null,
            "upgrade_settings": [
              {
                "blue_green_settings": [],
                "max_surge": 1,
                "max_unavailable": 0,
                "strategy": "SURGE"
              }
            ],
            "version": "1.30.4-gke.1348000"
          },
          "sensitive_attributes": [],
          "private": "eyJlMmJmYjczMC1lY2FhLTExZTYtOGY4OC0zNDM2M2JjN2M0YzAiOnsiY3JlYXRlIjoxODAwMDAwMDAwMDAwLCJkZWxldGUiOjE4MDAwMDAwMDAwMDAsInVwZGF0ZSI6MTgwMDAwMDAwMDAwMH0sInNjaGVtYV92ZXJzaW9uIjoiMSJ9",
          "dependencies": [
            "module.gke.google_container_cluster.gke_cluster",
            "module.vpc.google_compute_network.vpc_network",
            "module.vpc.google_compute_subnetwork.vpc_subnet"
          ]
        }
      ]
    },
    {
      "module": "module.vpc",
      "mode": "managed",
      "type": "google_compute_network",
      "name": "vpc_network",
      "provider": "provider[\"registry.terraform.io/hashicorp/google\"]",
      "instances": [
        {
          "schema_version": 0,
          "attributes": {
            "auto_create_subnetworks": false,
            "delete_default_routes_on_create": false,
            "description": "",
            "enable_ula_internal_ipv6": false,
            "gateway_ipv4": "",
            "id": "projects/nasir-gke-pub-dev/global/networks/dev-vpc",
            "internal_ipv6_range": "",
            "mtu": 0,
            "name": "dev-vpc",
            "network_firewall_policy_enforcement_order": "AFTER_CLASSIC_FIREWALL",
            "numeric_id": "5413323495333946273",
            "project": "nasir-gke-pub-dev",
            "routing_mode": "REGIONAL",
            "self_link": "https://www.googleapis.com/compute/v1/projects/nasir-gke-pub-dev/global/networks/dev-vpc",
            "timeouts": null
          },
          "sensitive_attributes": [],
          "private": "eyJlMmJmYjczMC1lY2FhLTExZTYtOGY4OC0zNDM2M2JjN2M0YzAiOnsiY3JlYXRlIjoxMjAwMDAwMDAwMDAwLCJkZWxldGUiOjEyMDAwMDAwMDAwMDAsInVwZGF0ZSI6MTIwMDAwMDAwMDAwMH19"
        }
      ]
    },
    {
      "module": "module.vpc",
      "mode": "managed",
      "type": "google_compute_subnetwork",
      "name": "vpc_subnet",
      "provider": "provider[\"registry.terraform.io/hashicorp/google\"]",
      "instances": [
        {
          "schema_version": 0,
          "attributes": {
            "creation_timestamp": "2024-10-12T04:28:32.182-07:00",
            "description": "",
            "external_ipv6_prefix": "",
            "fingerprint": null,
            "gateway_address": "10.0.0.1",
            "id": "projects/nasir-gke-pub-dev/regions/us-central1/subnetworks/dev-subnet",
            "internal_ipv6_prefix": "",
            "ip_cidr_range": "10.0.0.0/24",
            "ipv6_access_type": "",
            "ipv6_cidr_range": "",
            "log_config": [],
            "name": "dev-subnet",
            "network": "https://www.googleapis.com/compute/v1/projects/nasir-gke-pub-dev/global/networks/dev-vpc",
            "private_ip_google_access": true,
            "private_ipv6_google_access": "DISABLE_GOOGLE_ACCESS",
            "project": "nasir-gke-pub-dev",
            "purpose": "PRIVATE",
            "region": "us-central1",
            "reserved_internal_range": "",
            "role": "",
            "secondary_ip_range": [
              {
                "ip_cidr_range": "10.156.0.0/14",
                "range_name": "gke-nasir-dev-cluster-pods-50834c6c",
                "reserved_internal_range": "https://networkconnectivity.googleapis.com/v1/projects/nasir-gke-pub-dev/locations/global/internalRanges/gke-nasir-dev-cluster-pods-50834c6c"
              }
            ],
            "self_link": "https://www.googleapis.com/compute/v1/projects/nasir-gke-pub-dev/regions/us-central1/subnetworks/dev-subnet",
            "send_secondary_ip_range_if_empty": null,
            "stack_type": "IPV4_ONLY",
            "timeouts": null
          },
          "sensitive_attributes": [],
          "private": "eyJlMmJmYjczMC1lY2FhLTExZTYtOGY4OC0zNDM2M2JjN2M0YzAiOnsiY3JlYXRlIjoxMjAwMDAwMDAwMDAwLCJkZWxldGUiOjEyMDAwMDAwMDAwMDAsInVwZGF0ZSI6MTIwMDAwMDAwMDAwMH19",
          "dependencies": [
            "module.vpc.google_compute_network.vpc_network"
          ]
        }
      ]
    }
  ],
  "check_results": null
}
