{
  "version": 4,
  "terraform_version": "1.9.7",
  "serial": 24,
  "lineage": "3395a1a0-b55e-3cc8-a68d-5bb04b56feda",
  "outputs": {
    "cluster_name": {
      "value": "nasir-dev-cluster",
      "type": "string"
    },
    "gke_endpoint": {
      "value": {
        "addons_config": [
          {
            "cloudrun_config": [],
            "config_connector_config": [],
            "dns_cache_config": [],
            "gce_persistent_disk_csi_driver_config": [
              {
                "enabled": true
              }
            ],
            "gcp_filestore_csi_driver_config": [],
            "gcs_fuse_csi_driver_config": [],
            "gke_backup_agent_config": [],
            "horizontal_pod_autoscaling": [],
            "http_load_balancing": [],
            "network_policy_config": [
              {
                "disabled": true
              }
            ],
            "ray_operator_config": [],
            "stateful_ha_config": []
          }
        ],
        "allow_net_admin": null,
        "authenticator_groups_config": [],
        "binary_authorization": [
          {
            "enabled": false,
            "evaluation_mode": ""
          }
        ],
        "cluster_autoscaling": [
          {
            "auto_provisioning_defaults": [],
            "auto_provisioning_locations": [],
            "autoscaling_profile": "BALANCED",
            "enabled": false,
            "resource_limits": []
          }
        ],
        "cluster_ipv4_cidr": "10.156.0.0/14",
        "confidential_nodes": [],
        "cost_management_config": [],
        "database_encryption": [
          {
            "key_name": "",
            "state": "DECRYPTED"
          }
        ],
        "datapath_provider": "",
        "default_max_pods_per_node": 110,
        "default_snat_status": [
          {
            "disabled": false
          }
        ],
        "deletion_protection": true,
        "description": "",
        "dns_config": [],
        "effective_labels": {
          "goog-terraform-provisioned": "true"
        },
        "enable_autopilot": false,
        "enable_cilium_clusterwide_network_policy": false,
        "enable_intranode_visibility": false,
        "enable_k8s_beta_apis": [],
        "enable_kubernetes_alpha": false,
        "enable_l4_ilb_subsetting": false,
        "enable_legacy_abac": false,
        "enable_multi_networking": false,
        "enable_shielded_nodes": true,
        "enable_tpu": false,
        "endpoint": "34.122.90.123",
        "fleet": [],
        "gateway_api_config": [],
        "id": "projects/nasir-gke-pub-dev/locations/us-central1/clusters/nasir-dev-cluster",
        "identity_service_config": [],
        "initial_node_count": 1,
        "ip_allocation_policy": [
          {
            "additional_pod_ranges_config": [],
            "cluster_ipv4_cidr_block": "10.156.0.0/14",
            "cluster_secondary_range_name": "gke-nasir-dev-cluster-pods-50834c6c",
            "pod_cidr_overprovision_config": [
              {
                "disabled": false
              }
            ],
            "services_ipv4_cidr_block": "34.118.224.0/20",
            "services_secondary_range_name": "",
            "stack_type": "IPV4"
          }
        ],
        "label_fingerprint": "78cdf2f6",
        "location": "us-central1",
        "logging_config": [
          {
            "enable_components": [
              "SYSTEM_COMPONENTS",
              "WORKLOADS"
            ]
          }
        ],
        "logging_service": "logging.googleapis.com/kubernetes",
        "maintenance_policy": [],
        "master_auth": [
          {
            "client_certificate": "",
            "client_certificate_config": [
              {
                "issue_client_certificate": false
              }
            ],
            "client_key": "",
            "cluster_ca_certificate": "LS0tLS1CRUdJTiBDRVJUSUZJQ0FURS0tLS0tCk1JSUVMVENDQXBXZ0F3SUJBZ0lSQUp1ck5UQk5tNmxtQkxKeFRLWE56bDh3RFFZSktvWklodmNOQVFFTEJRQXcKTHpFdE1Dc0dBMVVFQXhNa1lqVXhZVGxoTVRJdE1UaGxNQzAwTm1GaUxUaGxPR1V0TTJZNU1HTXlaalpoTVRGbApNQ0FYRFRJME1UQXhNakUzTWpVeU5Gb1lEekl3TlRReE1EQTFNVGd5TlRJMFdqQXZNUzB3S3dZRFZRUURFeVJpCk5URmhPV0V4TWkweE9HVXdMVFEyWVdJdE9HVTRaUzB6Wmprd1l6Sm1ObUV4TVdVd2dnR2lNQTBHQ1NxR1NJYjMKRFFFQkFRVUFBNElCandBd2dnR0tBb0lCZ1FDWTVrenEyV1U1OHhKY1FCRmQ5Y1ljdi8xZTFWLzUvbG1lcFZEbApXUU1EekRlU3paS2RwakpoMU9jN0g2YUw1YTErVFB2bUJEOEhibEg0MHhnYmExdXByUmdPUFVscXUrZnJ0THE5ClRkZUJoUkMxeTBCSk9XQ2x6UGpZMnB0YkJibjdZakFjVHhhWHFsMnJuWXEvUE5zU0JCbEdyZmNQU0YwSFAxS1AKMEFZQ3ZyWERSdDZSdUt4Ym5WNFpsTXlaOFViL3lyZ3gxYzFtSVd6aDZxNWQzck81UnVmZ0l2MFFQc0psb3gzNApBSE5NUW5TSEo0NjVSZTJ4T2VkMDJocW1maWZMVlpvcWpReW81R3k4UUNONlJDM0R6NU9aMmRPeUlOb05zcU90ClAzdGJHV2ZQaGo5ZjRXS2FlN0t3a00yalNBVHIvSDJnNSs5aXdOY2JJbGI5MjBxSytFM2F4ekVGY1llYUQ4NXoKVEUyRVRGUFhsSkZVT2E0WExqRXk3NWJVS3R5Z1c5MEhlNUF3aVhzN0xoK3ErRHZ1YXhZaTg1bWxxYmcrRmt2Ywp2c0RZdndCd01UM25EMmoycEFJZEcwQldHYzVkUG1QUWVVSnA1c0MwN3NjankvaUczT0NIZStacHk3MXZaWTNQCjdEdkY2cU14NUxua01qUjNUckdsbDVKZ3R5MENBd0VBQWFOQ01FQXdEZ1lEVlIwUEFRSC9CQVFEQWdJRU1BOEcKQTFVZEV3RUIvd1FGTUFNQkFmOHdIUVlEVlIwT0JCWUVGREhVYWNXbzduWlh1ZkhVbjlJUFg2bi9zU3o1TUEwRwpDU3FHU0liM0RRRUJDd1VBQTRJQmdRQWxISEVxNnJqdzlIcFMydlNEWnY3TXYzQ1RqWWRjVlhqbmMvQmRvZk5ZCkFIZGlFOXZnZTFhQkNva083MHlDdENvY3JydjBjUFlOVzJjOEkvWUNndVhLT3hqS2E2WXhvL2xCT2hRWS94UXQKdnhPMnlVcFRtcElJenBGYW5GNFlLUUdrUFBEU3hPanpQRXd6elo2QjFDYVRvWHNraHdDc2NwdjBrdDg1VFVMZgpKaEZFK2VsVENBSlQ1VlRIcjczZVhGOVpFckp1Y3RlSDJXUTZRSXJZZWNIM2J3RjlwTC91dEJ0cEM3M2IvK0FFCnJsc0VtVUpsMzNVNTZjd3BVZDJsK0FSS1B5RmNDZksrOWU3N0gzck1kSkY3MU4yaFZ5VlFjRjNkKzdrbnk0c2UKa2RaWUhqRDJ6Y3pUM0toSXhZR2c3K3JjaXNSTlA2NU5RbS9zMzFUSUo5T3IzYzBLbGVXRXYrWjczSUN1aE5zVgpoYndudVIzSVprU2pWcmJKZmxzODA0MURLWVhxalE4b1NhZHV5ZGlKMzBGYmd6TFRxSU1qclc5OWxGYzFoSGxrCm5yWDBxS3krMmhiSHpESVhWRVoyWGo3SHNYSTV0c3NCaU9WSGJZMW9SU1YrdXFNT05mWkxsVks2aHdJUzBOSHgKaXJXamNweEkrR2oyWlFxZkdKbk02K3M9Ci0tLS0tRU5EIENFUlRJRklDQVRFLS0tLS0K"
          }
        ],
        "master_authorized_networks_config": [],
        "master_version": "1.30.4-gke.1348000",
        "mesh_certificates": [],
        "min_master_version": null,
        "monitoring_config": [
          {
            "advanced_datapath_observability_config": [
              {
                "enable_metrics": false,
                "enable_relay": false
              }
            ],
            "enable_components": [
              "SYSTEM_COMPONENTS",
              "STORAGE",
              "HPA",
              "POD",
              "DAEMONSET",
              "DEPLOYMENT",
              "STATEFULSET",
              "CADVISOR",
              "KUBELET"
            ],
            "managed_prometheus": [
              {
                "enabled": true
              }
            ]
          }
        ],
        "monitoring_service": "monitoring.googleapis.com/kubernetes",
        "name": "nasir-dev-cluster",
        "network": "projects/nasir-gke-pub-dev/global/networks/dev-vpc",
        "network_policy": [
          {
            "enabled": false,
            "provider": "PROVIDER_UNSPECIFIED"
          }
        ],
        "networking_mode": "VPC_NATIVE",
        "node_config": [],
        "node_locations": [
          "us-central1-b",
          "us-central1-c",
          "us-central1-f"
        ],
        "node_pool": [],
        "node_pool_auto_config": [],
        "node_pool_defaults": [
          {
            "node_config_defaults": [
              {
                "containerd_config": [],
                "gcfs_config": [],
                "insecure_kubelet_readonly_port_enabled": "FALSE",
                "logging_variant": "DEFAULT"
              }
            ]
          }
        ],
        "node_version": "1.30.4-gke.1348000",
        "notification_config": [
          {
            "pubsub": [
              {
                "enabled": false,
                "filter": [],
                "topic": ""
              }
            ]
          }
        ],
        "operation": null,
        "private_cluster_config": [
          {
            "enable_private_endpoint": false,
            "enable_private_nodes": false,
            "master_global_access_config": [
              {
                "enabled": false
              }
            ],
            "master_ipv4_cidr_block": "",
            "peering_name": "",
            "private_endpoint": "10.0.0.22",
            "private_endpoint_subnetwork": "",
            "public_endpoint": "34.122.90.123"
          }
        ],
        "private_ipv6_google_access": "",
        "project": "nasir-gke-pub-dev",
        "release_channel": [
          {
            "channel": "REGULAR"
          }
        ],
        "remove_default_node_pool": true,
        "resource_labels": null,
        "resource_usage_export_config": [],
        "secret_manager_config": [
          {
            "enabled": false
          }
        ],
        "security_posture_config": [
          {
            "mode": "BASIC",
            "vulnerability_mode": "VULNERABILITY_MODE_UNSPECIFIED"
          }
        ],
        "self_link": "https://container.googleapis.com/v1/projects/nasir-gke-pub-dev/locations/us-central1/clusters/nasir-dev-cluster",
        "service_external_ips_config": [
          {
            "enabled": false
          }
        ],
        "services_ipv4_cidr": "34.118.224.0/20",
        "subnetwork": "projects/nasir-gke-pub-dev/regions/us-central1/subnetworks/dev-subnet",
        "terraform_labels": {
          "goog-terraform-provisioned": "true"
        },
        "timeouts": null,
        "tpu_ipv4_cidr_block": "",
        "vertical_pod_autoscaling": [],
        "workload_identity_config": []
      },
      "type": [
        "object",
        {
          "addons_config": [
            "list",
            [
              "object",
              {
                "cloudrun_config": [
                  "list",
                  [
                    "object",
                    {
                      "disabled": "bool",
                      "load_balancer_type": "string"
                    }
                  ]
                ],
                "config_connector_config": [
                  "list",
                  [
                    "object",
                    {
                      "enabled": "bool"
                    }
                  ]
                ],
                "dns_cache_config": [
                  "list",
                  [
                    "object",
                    {
                      "enabled": "bool"
                    }
                  ]
                ],
                "gce_persistent_disk_csi_driver_config": [
                  "list",
                  [
                    "object",
                    {
                      "enabled": "bool"
                    }
                  ]
                ],
                "gcp_filestore_csi_driver_config": [
                  "list",
                  [
                    "object",
                    {
                      "enabled": "bool"
                    }
                  ]
                ],
                "gcs_fuse_csi_driver_config": [
                  "list",
                  [
                    "object",
                    {
                      "enabled": "bool"
                    }
                  ]
                ],
                "gke_backup_agent_config": [
                  "list",
                  [
                    "object",
                    {
                      "enabled": "bool"
                    }
                  ]
                ],
                "horizontal_pod_autoscaling": [
                  "list",
                  [
                    "object",
                    {
                      "disabled": "bool"
                    }
                  ]
                ],
                "http_load_balancing": [
                  "list",
                  [
                    "object",
                    {
                      "disabled": "bool"
                    }
                  ]
                ],
                "network_policy_config": [
                  "list",
                  [
                    "object",
                    {
                      "disabled": "bool"
                    }
                  ]
                ],
                "ray_operator_config": [
                  "list",
                  [
                    "object",
                    {
                      "enabled": "bool",
                      "ray_cluster_logging_config": [
                        "list",
                        [
                          "object",
                          {
                            "enabled": "bool"
                          }
                        ]
                      ],
                      "ray_cluster_monitoring_config": [
                        "list",
                        [
                          "object",
                          {
                            "enabled": "bool"
                          }
                        ]
                      ]
                    }
                  ]
                ],
                "stateful_ha_config": [
                  "list",
                  [
                    "object",
                    {
                      "enabled": "bool"
                    }
                  ]
                ]
              }
            ]
          ],
          "allow_net_admin": "bool",
          "authenticator_groups_config": [
            "list",
            [
              "object",
              {
                "security_group": "string"
              }
            ]
          ],
          "binary_authorization": [
            "list",
            [
              "object",
              {
                "enabled": "bool",
                "evaluation_mode": "string"
              }
            ]
          ],
          "cluster_autoscaling": [
            "list",
            [
              "object",
              {
                "auto_provisioning_defaults": [
                  "list",
                  [
                    "object",
                    {
                      "boot_disk_kms_key": "string",
                      "disk_size": "number",
                      "disk_type": "string",
                      "image_type": "string",
                      "management": [
                        "list",
                        [
                          "object",
                          {
                            "auto_repair": "bool",
                            "auto_upgrade": "bool",
                            "upgrade_options": [
                              "list",
                              [
                                "object",
                                {
                                  "auto_upgrade_start_time": "string",
                                  "description": "string"
                                }
                              ]
                            ]
                          }
                        ]
                      ],
                      "min_cpu_platform": "string",
                      "oauth_scopes": [
                        "list",
                        "string"
                      ],
                      "service_account": "string",
                      "shielded_instance_config": [
                        "list",
                        [
                          "object",
                          {
                            "enable_integrity_monitoring": "bool",
                            "enable_secure_boot": "bool"
                          }
                        ]
                      ],
                      "upgrade_settings": [
                        "list",
                        [
                          "object",
                          {
                            "blue_green_settings": [
                              "list",
                              [
                                "object",
                                {
                                  "node_pool_soak_duration": "string",
                                  "standard_rollout_policy": [
                                    "list",
                                    [
                                      "object",
                                      {
                                        "batch_node_count": "number",
                                        "batch_percentage": "number",
                                        "batch_soak_duration": "string"
                                      }
                                    ]
                                  ]
                                }
                              ]
                            ],
                            "max_surge": "number",
                            "max_unavailable": "number",
                            "strategy": "string"
                          }
                        ]
                      ]
                    }
                  ]
                ],
                "auto_provisioning_locations": [
                  "list",
                  "string"
                ],
                "autoscaling_profile": "string",
                "enabled": "bool",
                "resource_limits": [
                  "list",
                  [
                    "object",
                    {
                      "maximum": "number",
                      "minimum": "number",
                      "resource_type": "string"
                    }
                  ]
                ]
              }
            ]
          ],
          "cluster_ipv4_cidr": "string",
          "confidential_nodes": [
            "list",
            [
              "object",
              {
                "enabled": "bool"
              }
            ]
          ],
          "cost_management_config": [
            "list",
            [
              "object",
              {
                "enabled": "bool"
              }
            ]
          ],
          "database_encryption": [
            "list",
            [
              "object",
              {
                "key_name": "string",
                "state": "string"
              }
            ]
          ],
          "datapath_provider": "string",
          "default_max_pods_per_node": "number",
          "default_snat_status": [
            "list",
            [
              "object",
              {
                "disabled": "bool"
              }
            ]
          ],
          "deletion_protection": "bool",
          "description": "string",
          "dns_config": [
            "list",
            [
              "object",
              {
                "additive_vpc_scope_dns_domain": "string",
                "cluster_dns": "string",
                "cluster_dns_domain": "string",
                "cluster_dns_scope": "string"
              }
            ]
          ],
          "effective_labels": [
            "map",
            "string"
          ],
          "enable_autopilot": "bool",
          "enable_cilium_clusterwide_network_policy": "bool",
          "enable_intranode_visibility": "bool",
          "enable_k8s_beta_apis": [
            "list",
            [
              "object",
              {
                "enabled_apis": [
                  "set",
                  "string"
                ]
              }
            ]
          ],
          "enable_kubernetes_alpha": "bool",
          "enable_l4_ilb_subsetting": "bool",
          "enable_legacy_abac": "bool",
          "enable_multi_networking": "bool",
          "enable_shielded_nodes": "bool",
          "enable_tpu": "bool",
          "endpoint": "string",
          "fleet": [
            "list",
            [
              "object",
              {
                "membership": "string",
                "membership_id": "string",
                "membership_location": "string",
                "pre_registered": "bool",
                "project": "string"
              }
            ]
          ],
          "gateway_api_config": [
            "list",
            [
              "object",
              {
                "channel": "string"
              }
            ]
          ],
          "id": "string",
          "identity_service_config": [
            "list",
            [
              "object",
              {
                "enabled": "bool"
              }
            ]
          ],
          "initial_node_count": "number",
          "ip_allocation_policy": [
            "list",
            [
              "object",
              {
                "additional_pod_ranges_config": [
                  "list",
                  [
                    "object",
                    {
                      "pod_range_names": [
                        "set",
                        "string"
                      ]
                    }
                  ]
                ],
                "cluster_ipv4_cidr_block": "string",
                "cluster_secondary_range_name": "string",
                "pod_cidr_overprovision_config": [
                  "list",
                  [
                    "object",
                    {
                      "disabled": "bool"
                    }
                  ]
                ],
                "services_ipv4_cidr_block": "string",
                "services_secondary_range_name": "string",
                "stack_type": "string"
              }
            ]
          ],
          "label_fingerprint": "string",
          "location": "string",
          "logging_config": [
            "list",
            [
              "object",
              {
                "enable_components": [
                  "list",
                  "string"
                ]
              }
            ]
          ],
          "logging_service": "string",
          "maintenance_policy": [
            "list",
            [
              "object",
              {
                "daily_maintenance_window": [
                  "list",
                  [
                    "object",
                    {
                      "duration": "string",
                      "start_time": "string"
                    }
                  ]
                ],
                "maintenance_exclusion": [
                  "set",
                  [
                    "object",
                    {
                      "end_time": "string",
                      "exclusion_name": "string",
                      "exclusion_options": [
                        "list",
                        [
                          "object",
                          {
                            "scope": "string"
                          }
                        ]
                      ],
                      "start_time": "string"
                    }
                  ]
                ],
                "recurring_window": [
                  "list",
                  [
                    "object",
                    {
                      "end_time": "string",
                      "recurrence": "string",
                      "start_time": "string"
                    }
                  ]
                ]
              }
            ]
          ],
          "master_auth": [
            "list",
            [
              "object",
              {
                "client_certificate": "string",
                "client_certificate_config": [
                  "list",
                  [
                    "object",
                    {
                      "issue_client_certificate": "bool"
                    }
                  ]
                ],
                "client_key": "string",
                "cluster_ca_certificate": "string"
              }
            ]
          ],
          "master_authorized_networks_config": [
            "list",
            [
              "object",
              {
                "cidr_blocks": [
                  "set",
                  [
                    "object",
                    {
                      "cidr_block": "string",
                      "display_name": "string"
                    }
                  ]
                ],
                "gcp_public_cidrs_access_enabled": "bool"
              }
            ]
          ],
          "master_version": "string",
          "mesh_certificates": [
            "list",
            [
              "object",
              {
                "enable_certificates": "bool"
              }
            ]
          ],
          "min_master_version": "string",
          "monitoring_config": [
            "list",
            [
              "object",
              {
                "advanced_datapath_observability_config": [
                  "list",
                  [
                    "object",
                    {
                      "enable_metrics": "bool",
                      "enable_relay": "bool"
                    }
                  ]
                ],
                "enable_components": [
                  "list",
                  "string"
                ],
                "managed_prometheus": [
                  "list",
                  [
                    "object",
                    {
                      "enabled": "bool"
                    }
                  ]
                ]
              }
            ]
          ],
          "monitoring_service": "string",
          "name": "string",
          "network": "string",
          "network_policy": [
            "list",
            [
              "object",
              {
                "enabled": "bool",
                "provider": "string"
              }
            ]
          ],
          "networking_mode": "string",
          "node_config": [
            "list",
            [
              "object",
              {
                "advanced_machine_features": [
                  "list",
                  [
                    "object",
                    {
                      "enable_nested_virtualization": "bool",
                      "threads_per_core": "number"
                    }
                  ]
                ],
                "boot_disk_kms_key": "string",
                "confidential_nodes": [
                  "list",
                  [
                    "object",
                    {
                      "enabled": "bool"
                    }
                  ]
                ],
                "containerd_config": [
                  "list",
                  [
                    "object",
                    {
                      "private_registry_access_config": [
                        "list",
                        [
                          "object",
                          {
                            "certificate_authority_domain_config": [
                              "list",
                              [
                                "object",
                                {
                                  "fqdns": [
                                    "list",
                                    "string"
                                  ],
                                  "gcp_secret_manager_certificate_config": [
                                    "list",
                                    [
                                      "object",
                                      {
                                        "secret_uri": "string"
                                      }
                                    ]
                                  ]
                                }
                              ]
                            ],
                            "enabled": "bool"
                          }
                        ]
                      ]
                    }
                  ]
                ],
                "disk_size_gb": "number",
                "disk_type": "string",
                "effective_taints": [
                  "list",
                  [
                    "object",
                    {
                      "effect": "string",
                      "key": "string",
                      "value": "string"
                    }
                  ]
                ],
                "enable_confidential_storage": "bool",
                "ephemeral_storage_local_ssd_config": [
                  "list",
                  [
                    "object",
                    {
                      "local_ssd_count": "number"
                    }
                  ]
                ],
                "fast_socket": [
                  "list",
                  [
                    "object",
                    {
                      "enabled": "bool"
                    }
                  ]
                ],
                "gcfs_config": [
                  "list",
                  [
                    "object",
                    {
                      "enabled": "bool"
                    }
                  ]
                ],
                "guest_accelerator": [
                  "list",
                  [
                    "object",
                    {
                      "count": "number",
                      "gpu_driver_installation_config": [
                        "list",
                        [
                          "object",
                          {
                            "gpu_driver_version": "string"
                          }
                        ]
                      ],
                      "gpu_partition_size": "string",
                      "gpu_sharing_config": [
                        "list",
                        [
                          "object",
                          {
                            "gpu_sharing_strategy": "string",
                            "max_shared_clients_per_gpu": "number"
                          }
                        ]
                      ],
                      "type": "string"
                    }
                  ]
                ],
                "gvnic": [
                  "list",
                  [
                    "object",
                    {
                      "enabled": "bool"
                    }
                  ]
                ],
                "host_maintenance_policy": [
                  "list",
                  [
                    "object",
                    {
                      "maintenance_interval": "string"
                    }
                  ]
                ],
                "image_type": "string",
                "kubelet_config": [
                  "list",
                  [
                    "object",
                    {
                      "cpu_cfs_quota": "bool",
                      "cpu_cfs_quota_period": "string",
                      "cpu_manager_policy": "string",
                      "insecure_kubelet_readonly_port_enabled": "string",
                      "pod_pids_limit": "number"
                    }
                  ]
                ],
                "labels": [
                  "map",
                  "string"
                ],
                "linux_node_config": [
                  "list",
                  [
                    "object",
                    {
                      "cgroup_mode": "string",
                      "hugepages_config": [
                        "list",
                        [
                          "object",
                          {
                            "hugepage_size_1g": "number",
                            "hugepage_size_2m": "number"
                          }
                        ]
                      ],
                      "sysctls": [
                        "map",
                        "string"
                      ]
                    }
                  ]
                ],
                "local_nvme_ssd_block_config": [
                  "list",
                  [
                    "object",
                    {
                      "local_ssd_count": "number"
                    }
                  ]
                ],
                "local_ssd_count": "number",
                "logging_variant": "string",
                "machine_type": "string",
                "metadata": [
                  "map",
                  "string"
                ],
                "min_cpu_platform": "string",
                "node_group": "string",
                "oauth_scopes": [
                  "set",
                  "string"
                ],
                "preemptible": "bool",
                "reservation_affinity": [
                  "list",
                  [
                    "object",
                    {
                      "consume_reservation_type": "string",
                      "key": "string",
                      "values": [
                        "set",
                        "string"
                      ]
                    }
                  ]
                ],
                "resource_labels": [
                  "map",
                  "string"
                ],
                "resource_manager_tags": [
                  "map",
                  "string"
                ],
                "secondary_boot_disks": [
                  "list",
                  [
                    "object",
                    {
                      "disk_image": "string",
                      "mode": "string"
                    }
                  ]
                ],
                "service_account": "string",
                "shielded_instance_config": [
                  "list",
                  [
                    "object",
                    {
                      "enable_integrity_monitoring": "bool",
                      "enable_secure_boot": "bool"
                    }
                  ]
                ],
                "sole_tenant_config": [
                  "list",
                  [
                    "object",
                    {
                      "node_affinity": [
                        "set",
                        [
                          "object",
                          {
                            "key": "string",
                            "operator": "string",
                            "values": [
                              "list",
                              "string"
                            ]
                          }
                        ]
                      ]
                    }
                  ]
                ],
                "spot": "bool",
                "storage_pools": [
                  "list",
                  "string"
                ],
                "tags": [
                  "list",
                  "string"
                ],
                "taint": [
                  "list",
                  [
                    "object",
                    {
                      "effect": "string",
                      "key": "string",
                      "value": "string"
                    }
                  ]
                ],
                "workload_metadata_config": [
                  "list",
                  [
                    "object",
                    {
                      "mode": "string"
                    }
                  ]
                ]
              }
            ]
          ],
          "node_locations": [
            "set",
            "string"
          ],
          "node_pool": [
            "list",
            [
              "object",
              {
                "autoscaling": [
                  "list",
                  [
                    "object",
                    {
                      "location_policy": "string",
                      "max_node_count": "number",
                      "min_node_count": "number",
                      "total_max_node_count": "number",
                      "total_min_node_count": "number"
                    }
                  ]
                ],
                "initial_node_count": "number",
                "instance_group_urls": [
                  "list",
                  "string"
                ],
                "managed_instance_group_urls": [
                  "list",
                  "string"
                ],
                "management": [
                  "list",
                  [
                    "object",
                    {
                      "auto_repair": "bool",
                      "auto_upgrade": "bool"
                    }
                  ]
                ],
                "max_pods_per_node": "number",
                "name": "string",
                "name_prefix": "string",
                "network_config": [
                  "list",
                  [
                    "object",
                    {
                      "additional_node_network_configs": [
                        "list",
                        [
                          "object",
                          {
                            "network": "string",
                            "subnetwork": "string"
                          }
                        ]
                      ],
                      "additional_pod_network_configs": [
                        "list",
                        [
                          "object",
                          {
                            "max_pods_per_node": "number",
                            "secondary_pod_range": "string",
                            "subnetwork": "string"
                          }
                        ]
                      ],
                      "create_pod_range": "bool",
                      "enable_private_nodes": "bool",
                      "network_performance_config": [
                        "list",
                        [
                          "object",
                          {
                            "total_egress_bandwidth_tier": "string"
                          }
                        ]
                      ],
                      "pod_cidr_overprovision_config": [
                        "list",
                        [
                          "object",
                          {
                            "disabled": "bool"
                          }
                        ]
                      ],
                      "pod_ipv4_cidr_block": "string",
                      "pod_range": "string"
                    }
                  ]
                ],
                "node_config": [
                  "list",
                  [
                    "object",
                    {
                      "advanced_machine_features": [
                        "list",
                        [
                          "object",
                          {
                            "enable_nested_virtualization": "bool",
                            "threads_per_core": "number"
                          }
                        ]
                      ],
                      "boot_disk_kms_key": "string",
                      "confidential_nodes": [
                        "list",
                        [
                          "object",
                          {
                            "enabled": "bool"
                          }
                        ]
                      ],
                      "containerd_config": [
                        "list",
                        [
                          "object",
                          {
                            "private_registry_access_config": [
                              "list",
                              [
                                "object",
                                {
                                  "certificate_authority_domain_config": [
                                    "list",
                                    [
                                      "object",
                                      {
                                        "fqdns": [
                                          "list",
                                          "string"
                                        ],
                                        "gcp_secret_manager_certificate_config": [
                                          "list",
                                          [
                                            "object",
                                            {
                                              "secret_uri": "string"
                                            }
                                          ]
                                        ]
                                      }
                                    ]
                                  ],
                                  "enabled": "bool"
                                }
                              ]
                            ]
                          }
                        ]
                      ],
                      "disk_size_gb": "number",
                      "disk_type": "string",
                      "effective_taints": [
                        "list",
                        [
                          "object",
                          {
                            "effect": "string",
                            "key": "string",
                            "value": "string"
                          }
                        ]
                      ],
                      "enable_confidential_storage": "bool",
                      "ephemeral_storage_local_ssd_config": [
                        "list",
                        [
                          "object",
                          {
                            "local_ssd_count": "number"
                          }
                        ]
                      ],
                      "fast_socket": [
                        "list",
                        [
                          "object",
                          {
                            "enabled": "bool"
                          }
                        ]
                      ],
                      "gcfs_config": [
                        "list",
                        [
                          "object",
                          {
                            "enabled": "bool"
                          }
                        ]
                      ],
                      "guest_accelerator": [
                        "list",
                        [
                          "object",
                          {
                            "count": "number",
                            "gpu_driver_installation_config": [
                              "list",
                              [
                                "object",
                                {
                                  "gpu_driver_version": "string"
                                }
                              ]
                            ],
                            "gpu_partition_size": "string",
                            "gpu_sharing_config": [
                              "list",
                              [
                                "object",
                                {
                                  "gpu_sharing_strategy": "string",
                                  "max_shared_clients_per_gpu": "number"
                                }
                              ]
                            ],
                            "type": "string"
                          }
                        ]
                      ],
                      "gvnic": [
                        "list",
                        [
                          "object",
                          {
                            "enabled": "bool"
                          }
                        ]
                      ],
                      "host_maintenance_policy": [
                        "list",
                        [
                          "object",
                          {
                            "maintenance_interval": "string"
                          }
                        ]
                      ],
                      "image_type": "string",
                      "kubelet_config": [
                        "list",
                        [
                          "object",
                          {
                            "cpu_cfs_quota": "bool",
                            "cpu_cfs_quota_period": "string",
                            "cpu_manager_policy": "string",
                            "insecure_kubelet_readonly_port_enabled": "string",
                            "pod_pids_limit": "number"
                          }
                        ]
                      ],
                      "labels": [
                        "map",
                        "string"
                      ],
                      "linux_node_config": [
                        "list",
                        [
                          "object",
                          {
                            "cgroup_mode": "string",
                            "hugepages_config": [
                              "list",
                              [
                                "object",
                                {
                                  "hugepage_size_1g": "number",
                                  "hugepage_size_2m": "number"
                                }
                              ]
                            ],
                            "sysctls": [
                              "map",
                              "string"
                            ]
                          }
                        ]
                      ],
                      "local_nvme_ssd_block_config": [
                        "list",
                        [
                          "object",
                          {
                            "local_ssd_count": "number"
                          }
                        ]
                      ],
                      "local_ssd_count": "number",
                      "logging_variant": "string",
                      "machine_type": "string",
                      "metadata": [
                        "map",
                        "string"
                      ],
                      "min_cpu_platform": "string",
                      "node_group": "string",
                      "oauth_scopes": [
                        "set",
                        "string"
                      ],
                      "preemptible": "bool",
                      "reservation_affinity": [
                        "list",
                        [
                          "object",
                          {
                            "consume_reservation_type": "string",
                            "key": "string",
                            "values": [
                              "set",
                              "string"
                            ]
                          }
                        ]
                      ],
                      "resource_labels": [
                        "map",
                        "string"
                      ],
                      "resource_manager_tags": [
                        "map",
                        "string"
                      ],
                      "secondary_boot_disks": [
                        "list",
                        [
                          "object",
                          {
                            "disk_image": "string",
                            "mode": "string"
                          }
                        ]
                      ],
                      "service_account": "string",
                      "shielded_instance_config": [
                        "list",
                        [
                          "object",
                          {
                            "enable_integrity_monitoring": "bool",
                            "enable_secure_boot": "bool"
                          }
                        ]
                      ],
                      "sole_tenant_config": [
                        "list",
                        [
                          "object",
                          {
                            "node_affinity": [
                              "set",
                              [
                                "object",
                                {
                                  "key": "string",
                                  "operator": "string",
                                  "values": [
                                    "list",
                                    "string"
                                  ]
                                }
                              ]
                            ]
                          }
                        ]
                      ],
                      "spot": "bool",
                      "storage_pools": [
                        "list",
                        "string"
                      ],
                      "tags": [
                        "list",
                        "string"
                      ],
                      "taint": [
                        "list",
                        [
                          "object",
                          {
                            "effect": "string",
                            "key": "string",
                            "value": "string"
                          }
                        ]
                      ],
                      "workload_metadata_config": [
                        "list",
                        [
                          "object",
                          {
                            "mode": "string"
                          }
                        ]
                      ]
                    }
                  ]
                ],
                "node_count": "number",
                "node_locations": [
                  "set",
                  "string"
                ],
                "placement_policy": [
                  "list",
                  [
                    "object",
                    {
                      "policy_name": "string",
                      "tpu_topology": "string",
                      "type": "string"
                    }
                  ]
                ],
                "queued_provisioning": [
                  "list",
                  [
                    "object",
                    {
                      "enabled": "bool"
                    }
                  ]
                ],
                "upgrade_settings": [
                  "list",
                  [
                    "object",
                    {
                      "blue_green_settings": [
                        "list",
                        [
                          "object",
                          {
                            "node_pool_soak_duration": "string",
                            "standard_rollout_policy": [
                              "list",
                              [
                                "object",
                                {
                                  "batch_node_count": "number",
                                  "batch_percentage": "number",
                                  "batch_soak_duration": "string"
                                }
                              ]
                            ]
                          }
                        ]
                      ],
                      "max_surge": "number",
                      "max_unavailable": "number",
                      "strategy": "string"
                    }
                  ]
                ],
                "version": "string"
              }
            ]
          ],
          "node_pool_auto_config": [
            "list",
            [
              "object",
              {
                "network_tags": [
                  "list",
                  [
                    "object",
                    {
                      "tags": [
                        "list",
                        "string"
                      ]
                    }
                  ]
                ],
                "node_kubelet_config": [
                  "list",
                  [
                    "object",
                    {
                      "insecure_kubelet_readonly_port_enabled": "string"
                    }
                  ]
                ],
                "resource_manager_tags": [
                  "map",
                  "string"
                ]
              }
            ]
          ],
          "node_pool_defaults": [
            "list",
            [
              "object",
              {
                "node_config_defaults": [
                  "list",
                  [
                    "object",
                    {
                      "containerd_config": [
                        "list",
                        [
                          "object",
                          {
                            "private_registry_access_config": [
                              "list",
                              [
                                "object",
                                {
                                  "certificate_authority_domain_config": [
                                    "list",
                                    [
                                      "object",
                                      {
                                        "fqdns": [
                                          "list",
                                          "string"
                                        ],
                                        "gcp_secret_manager_certificate_config": [
                                          "list",
                                          [
                                            "object",
                                            {
                                              "secret_uri": "string"
                                            }
                                          ]
                                        ]
                                      }
                                    ]
                                  ],
                                  "enabled": "bool"
                                }
                              ]
                            ]
                          }
                        ]
                      ],
                      "gcfs_config": [
                        "list",
                        [
                          "object",
                          {
                            "enabled": "bool"
                          }
                        ]
                      ],
                      "insecure_kubelet_readonly_port_enabled": "string",
                      "logging_variant": "string"
                    }
                  ]
                ]
              }
            ]
          ],
          "node_version": "string",
          "notification_config": [
            "list",
            [
              "object",
              {
                "pubsub": [
                  "list",
                  [
                    "object",
                    {
                      "enabled": "bool",
                      "filter": [
                        "list",
                        [
                          "object",
                          {
                            "event_type": [
                              "list",
                              "string"
                            ]
                          }
                        ]
                      ],
                      "topic": "string"
                    }
                  ]
                ]
              }
            ]
          ],
          "operation": "string",
          "private_cluster_config": [
            "list",
            [
              "object",
              {
                "enable_private_endpoint": "bool",
                "enable_private_nodes": "bool",
                "master_global_access_config": [
                  "list",
                  [
                    "object",
                    {
                      "enabled": "bool"
                    }
                  ]
                ],
                "master_ipv4_cidr_block": "string",
                "peering_name": "string",
                "private_endpoint": "string",
                "private_endpoint_subnetwork": "string",
                "public_endpoint": "string"
              }
            ]
          ],
          "private_ipv6_google_access": "string",
          "project": "string",
          "release_channel": [
            "list",
            [
              "object",
              {
                "channel": "string"
              }
            ]
          ],
          "remove_default_node_pool": "bool",
          "resource_labels": [
            "map",
            "string"
          ],
          "resource_usage_export_config": [
            "list",
            [
              "object",
              {
                "bigquery_destination": [
                  "list",
                  [
                    "object",
                    {
                      "dataset_id": "string"
                    }
                  ]
                ],
                "enable_network_egress_metering": "bool",
                "enable_resource_consumption_metering": "bool"
              }
            ]
          ],
          "secret_manager_config": [
            "list",
            [
              "object",
              {
                "enabled": "bool"
              }
            ]
          ],
          "security_posture_config": [
            "list",
            [
              "object",
              {
                "mode": "string",
                "vulnerability_mode": "string"
              }
            ]
          ],
          "self_link": "string",
          "service_external_ips_config": [
            "list",
            [
              "object",
              {
                "enabled": "bool"
              }
            ]
          ],
          "services_ipv4_cidr": "string",
          "subnetwork": "string",
          "terraform_labels": [
            "map",
            "string"
          ],
          "timeouts": [
            "object",
            {
              "create": "string",
              "delete": "string",
              "read": "string",
              "update": "string"
            }
          ],
          "tpu_ipv4_cidr_block": "string",
          "vertical_pod_autoscaling": [
            "list",
            [
              "object",
              {
                "enabled": "bool"
              }
            ]
          ],
          "workload_identity_config": [
            "list",
            [
              "object",
              {
                "workload_pool": "string"
              }
            ]
          ]
        }
      ],
      "sensitive": true
    },
    "network_name": {
      "value": "dev-vpc",
      "type": "string"
    },
    "subnetwork_name": {
      "value": "dev-subnet",
      "type": "string"
    },
    "vpc_name": {
      "value": "dev-vpc",
      "type": "string"
    }
  },
  "resources": [
    {
      "module": "module.gke",
      "mode": "managed",
      "type": "google_container_cluster",
      "name": "gke_cluster",
      "provider": "provider[\"registry.terraform.io/hashicorp/google\"]",
      "instances": [
        {
          "schema_version": 2,
          "attributes": {
            "addons_config": [
              {
                "cloudrun_config": [],
                "config_connector_config": [],
                "dns_cache_config": [],
                "gce_persistent_disk_csi_driver_config": [
                  {
                    "enabled": true
                  }
                ],
                "gcp_filestore_csi_driver_config": [],
                "gcs_fuse_csi_driver_config": [],
                "gke_backup_agent_config": [],
                "horizontal_pod_autoscaling": [],
                "http_load_balancing": [],
                "network_policy_config": [
                  {
                    "disabled": true
                  }
                ],
                "ray_operator_config": [],
                "stateful_ha_config": []
              }
            ],
            "allow_net_admin": null,
            "authenticator_groups_config": [],
            "binary_authorization": [
              {
                "enabled": false,
                "evaluation_mode": ""
              }
            ],
            "cluster_autoscaling": [
              {
                "auto_provisioning_defaults": [],
                "auto_provisioning_locations": [],
                "autoscaling_profile": "BALANCED",
                "enabled": false,
                "resource_limits": []
              }
            ],
            "cluster_ipv4_cidr": "10.156.0.0/14",
            "confidential_nodes": [],
            "cost_management_config": [],
            "database_encryption": [
              {
                "key_name": "",
                "state": "DECRYPTED"
              }
            ],
            "datapath_provider": "",
            "default_max_pods_per_node": 110,
            "default_snat_status": [
              {
                "disabled": false
              }
            ],
            "deletion_protection": true,
            "description": "",
            "dns_config": [],
            "effective_labels": {
              "goog-terraform-provisioned": "true"
            },
            "enable_autopilot": false,
            "enable_cilium_clusterwide_network_policy": false,
            "enable_intranode_visibility": false,
            "enable_k8s_beta_apis": [],
            "enable_kubernetes_alpha": false,
            "enable_l4_ilb_subsetting": false,
            "enable_legacy_abac": false,
            "enable_multi_networking": false,
            "enable_shielded_nodes": true,
            "enable_tpu": false,
            "endpoint": "34.122.90.123",
            "fleet": [],
            "gateway_api_config": [],
            "id": "projects/nasir-gke-pub-dev/locations/us-central1/clusters/nasir-dev-cluster",
            "identity_service_config": [],
            "initial_node_count": 1,
            "ip_allocation_policy": [
              {
                "additional_pod_ranges_config": [],
                "cluster_ipv4_cidr_block": "10.156.0.0/14",
                "cluster_secondary_range_name": "gke-nasir-dev-cluster-pods-50834c6c",
                "pod_cidr_overprovision_config": [
                  {
                    "disabled": false
                  }
                ],
                "services_ipv4_cidr_block": "34.118.224.0/20",
                "services_secondary_range_name": "",
                "stack_type": "IPV4"
              }
            ],
            "label_fingerprint": "78cdf2f6",
            "location": "us-central1",
            "logging_config": [
              {
                "enable_components": [
                  "SYSTEM_COMPONENTS",
                  "WORKLOADS"
                ]
              }
            ],
            "logging_service": "logging.googleapis.com/kubernetes",
            "maintenance_policy": [],
            "master_auth": [
              {
                "client_certificate": "",
                "client_certificate_config": [
                  {
                    "issue_client_certificate": false
                  }
                ],
                "client_key": "",
                "cluster_ca_certificate": "LS0tLS1CRUdJTiBDRVJUSUZJQ0FURS0tLS0tCk1JSUVMVENDQXBXZ0F3SUJBZ0lSQUp1ck5UQk5tNmxtQkxKeFRLWE56bDh3RFFZSktvWklodmNOQVFFTEJRQXcKTHpFdE1Dc0dBMVVFQXhNa1lqVXhZVGxoTVRJdE1UaGxNQzAwTm1GaUxUaGxPR1V0TTJZNU1HTXlaalpoTVRGbApNQ0FYRFRJME1UQXhNakUzTWpVeU5Gb1lEekl3TlRReE1EQTFNVGd5TlRJMFdqQXZNUzB3S3dZRFZRUURFeVJpCk5URmhPV0V4TWkweE9HVXdMVFEyWVdJdE9HVTRaUzB6Wmprd1l6Sm1ObUV4TVdVd2dnR2lNQTBHQ1NxR1NJYjMKRFFFQkFRVUFBNElCandBd2dnR0tBb0lCZ1FDWTVrenEyV1U1OHhKY1FCRmQ5Y1ljdi8xZTFWLzUvbG1lcFZEbApXUU1EekRlU3paS2RwakpoMU9jN0g2YUw1YTErVFB2bUJEOEhibEg0MHhnYmExdXByUmdPUFVscXUrZnJ0THE5ClRkZUJoUkMxeTBCSk9XQ2x6UGpZMnB0YkJibjdZakFjVHhhWHFsMnJuWXEvUE5zU0JCbEdyZmNQU0YwSFAxS1AKMEFZQ3ZyWERSdDZSdUt4Ym5WNFpsTXlaOFViL3lyZ3gxYzFtSVd6aDZxNWQzck81UnVmZ0l2MFFQc0psb3gzNApBSE5NUW5TSEo0NjVSZTJ4T2VkMDJocW1maWZMVlpvcWpReW81R3k4UUNONlJDM0R6NU9aMmRPeUlOb05zcU90ClAzdGJHV2ZQaGo5ZjRXS2FlN0t3a00yalNBVHIvSDJnNSs5aXdOY2JJbGI5MjBxSytFM2F4ekVGY1llYUQ4NXoKVEUyRVRGUFhsSkZVT2E0WExqRXk3NWJVS3R5Z1c5MEhlNUF3aVhzN0xoK3ErRHZ1YXhZaTg1bWxxYmcrRmt2Ywp2c0RZdndCd01UM25EMmoycEFJZEcwQldHYzVkUG1QUWVVSnA1c0MwN3NjankvaUczT0NIZStacHk3MXZaWTNQCjdEdkY2cU14NUxua01qUjNUckdsbDVKZ3R5MENBd0VBQWFOQ01FQXdEZ1lEVlIwUEFRSC9CQVFEQWdJRU1BOEcKQTFVZEV3RUIvd1FGTUFNQkFmOHdIUVlEVlIwT0JCWUVGREhVYWNXbzduWlh1ZkhVbjlJUFg2bi9zU3o1TUEwRwpDU3FHU0liM0RRRUJDd1VBQTRJQmdRQWxISEVxNnJqdzlIcFMydlNEWnY3TXYzQ1RqWWRjVlhqbmMvQmRvZk5ZCkFIZGlFOXZnZTFhQkNva083MHlDdENvY3JydjBjUFlOVzJjOEkvWUNndVhLT3hqS2E2WXhvL2xCT2hRWS94UXQKdnhPMnlVcFRtcElJenBGYW5GNFlLUUdrUFBEU3hPanpQRXd6elo2QjFDYVRvWHNraHdDc2NwdjBrdDg1VFVMZgpKaEZFK2VsVENBSlQ1VlRIcjczZVhGOVpFckp1Y3RlSDJXUTZRSXJZZWNIM2J3RjlwTC91dEJ0cEM3M2IvK0FFCnJsc0VtVUpsMzNVNTZjd3BVZDJsK0FSS1B5RmNDZksrOWU3N0gzck1kSkY3MU4yaFZ5VlFjRjNkKzdrbnk0c2UKa2RaWUhqRDJ6Y3pUM0toSXhZR2c3K3JjaXNSTlA2NU5RbS9zMzFUSUo5T3IzYzBLbGVXRXYrWjczSUN1aE5zVgpoYndudVIzSVprU2pWcmJKZmxzODA0MURLWVhxalE4b1NhZHV5ZGlKMzBGYmd6TFRxSU1qclc5OWxGYzFoSGxrCm5yWDBxS3krMmhiSHpESVhWRVoyWGo3SHNYSTV0c3NCaU9WSGJZMW9SU1YrdXFNT05mWkxsVks2aHdJUzBOSHgKaXJXamNweEkrR2oyWlFxZkdKbk02K3M9Ci0tLS0tRU5EIENFUlRJRklDQVRFLS0tLS0K"
              }
            ],
            "master_authorized_networks_config": [],
            "master_version": "1.30.4-gke.1348000",
            "mesh_certificates": [],
            "min_master_version": null,
            "monitoring_config": [
              {
                "advanced_datapath_observability_config": [
                  {
                    "enable_metrics": false,
                    "enable_relay": false
                  }
                ],
                "enable_components": [
                  "SYSTEM_COMPONENTS",
                  "STORAGE",
                  "HPA",
                  "POD",
                  "DAEMONSET",
                  "DEPLOYMENT",
                  "STATEFULSET",
                  "CADVISOR",
                  "KUBELET"
                ],
                "managed_prometheus": [
                  {
                    "enabled": true
                  }
                ]
              }
            ],
            "monitoring_service": "monitoring.googleapis.com/kubernetes",
            "name": "nasir-dev-cluster",
            "network": "projects/nasir-gke-pub-dev/global/networks/dev-vpc",
            "network_policy": [
              {
                "enabled": false,
                "provider": "PROVIDER_UNSPECIFIED"
              }
            ],
            "networking_mode": "VPC_NATIVE",
            "node_config": [],
            "node_locations": [
              "us-central1-b",
              "us-central1-c",
              "us-central1-f"
            ],
            "node_pool": [],
            "node_pool_auto_config": [],
            "node_pool_defaults": [
              {
                "node_config_defaults": [
                  {
                    "containerd_config": [],
                    "gcfs_config": [],
                    "insecure_kubelet_readonly_port_enabled": "FALSE",
                    "logging_variant": "DEFAULT"
                  }
                ]
              }
            ],
            "node_version": "1.30.4-gke.1348000",
            "notification_config": [
              {
                "pubsub": [
                  {
                    "enabled": false,
                    "filter": [],
                    "topic": ""
                  }
                ]
              }
            ],
            "operation": null,
            "private_cluster_config": [
              {
                "enable_private_endpoint": false,
                "enable_private_nodes": false,
                "master_global_access_config": [
                  {
                    "enabled": false
                  }
                ],
                "master_ipv4_cidr_block": "",
                "peering_name": "",
                "private_endpoint": "10.0.0.22",
                "private_endpoint_subnetwork": "",
                "public_endpoint": "34.122.90.123"
              }
            ],
            "private_ipv6_google_access": "",
            "project": "nasir-gke-pub-dev",
            "release_channel": [
              {
                "channel": "REGULAR"
              }
            ],
            "remove_default_node_pool": true,
            "resource_labels": null,
            "resource_usage_export_config": [],
            "secret_manager_config": [
              {
                "enabled": false
              }
            ],
            "security_posture_config": [
              {
                "mode": "BASIC",
                "vulnerability_mode": "VULNERABILITY_MODE_UNSPECIFIED"
              }
            ],
            "self_link": "https://container.googleapis.com/v1/projects/nasir-gke-pub-dev/locations/us-central1/clusters/nasir-dev-cluster",
            "service_external_ips_config": [
              {
                "enabled": false
              }
            ],
            "services_ipv4_cidr": "34.118.224.0/20",
            "subnetwork": "projects/nasir-gke-pub-dev/regions/us-central1/subnetworks/dev-subnet",
            "terraform_labels": {
              "goog-terraform-provisioned": "true"
            },
            "timeouts": null,
            "tpu_ipv4_cidr_block": "",
            "vertical_pod_autoscaling": [],
            "workload_identity_config": []
          },
          "sensitive_attributes": [
            [
              {
                "type": "get_attr",
                "value": "master_auth"
              },
              {
                "type": "index",
                "value": {
                  "value": 0,
                  "type": "number"
                }
              },
              {
                "type": "get_attr",
                "value": "client_key"
              }
            ]
          ],
          "private": "eyJlMmJmYjczMC1lY2FhLTExZTYtOGY4OC0zNDM2M2JjN2M0YzAiOnsiY3JlYXRlIjoyNDAwMDAwMDAwMDAwLCJkZWxldGUiOjI0MDAwMDAwMDAwMDAsInJlYWQiOjI0MDAwMDAwMDAwMDAsInVwZGF0ZSI6MzYwMDAwMDAwMDAwMH0sInNjaGVtYV92ZXJzaW9uIjoiMiJ9",
          "dependencies": [
            "module.vpc.google_compute_network.vpc_network",
            "module.vpc.google_compute_subnetwork.vpc_subnet"
          ]
        }
      ]
    },
    {
      "module": "module.gke",
      "mode": "managed",
      "type": "google_container_node_pool",
      "name": "primary_pool",
      "provider": "provider[\"registry.terraform.io/hashicorp/google\"]",
      "instances": [
        {
          "schema_version": 1,
          "attributes": {
            "autoscaling": [
              {
                "location_policy": "BALANCED",
                "max_node_count": 3,
                "min_node_count": 1,
                "total_max_node_count": 0,
                "total_min_node_count": 0
              }
            ],
            "cluster": "nasir-dev-cluster",
            "id": "projects/nasir-gke-pub-dev/locations/us-central1/clusters/nasir-dev-cluster/nodePools/nasir-dev-cluster-primary-pool",
            "initial_node_count": 0,
            "instance_group_urls": [
              "https://www.googleapis.com/compute/v1/projects/nasir-gke-pub-dev/zones/us-central1-c/instanceGroupManagers/gke-nasir-dev-cluste-nasir-dev-cluste-3ae046bd-grp",
              "https://www.googleapis.com/compute/v1/projects/nasir-gke-pub-dev/zones/us-central1-f/instanceGroupManagers/gke-nasir-dev-cluste-nasir-dev-cluste-20dedf0e-grp",
              "https://www.googleapis.com/compute/v1/projects/nasir-gke-pub-dev/zones/us-central1-b/instanceGroupManagers/gke-nasir-dev-cluste-nasir-dev-cluste-242022a9-grp"
            ],
            "location": "us-central1",
            "managed_instance_group_urls": [
              "https://www.googleapis.com/compute/v1/projects/nasir-gke-pub-dev/zones/us-central1-c/instanceGroups/gke-nasir-dev-cluste-nasir-dev-cluste-3ae046bd-grp",
              "https://www.googleapis.com/compute/v1/projects/nasir-gke-pub-dev/zones/us-central1-f/instanceGroups/gke-nasir-dev-cluste-nasir-dev-cluste-20dedf0e-grp",
              "https://www.googleapis.com/compute/v1/projects/nasir-gke-pub-dev/zones/us-central1-b/instanceGroups/gke-nasir-dev-cluste-nasir-dev-cluste-242022a9-grp"
            ],
            "management": [
              {
                "auto_repair": true,
                "auto_upgrade": true
              }
            ],
            "max_pods_per_node": 110,
            "name": "nasir-dev-cluster-primary-pool",
            "name_prefix": "",
            "network_config": [
              {
                "additional_node_network_configs": [],
                "additional_pod_network_configs": [],
                "create_pod_range": false,
                "enable_private_nodes": false,
                "network_performance_config": [],
                "pod_cidr_overprovision_config": [],
                "pod_ipv4_cidr_block": "10.156.0.0/14",
                "pod_range": "gke-nasir-dev-cluster-pods-50834c6c"
              }
            ],
            "node_config": [
              {
                "advanced_machine_features": [],
                "boot_disk_kms_key": "",
                "confidential_nodes": [],
                "containerd_config": [],
                "disk_size_gb": 100,
                "disk_type": "pd-standard",
                "effective_taints": [],
                "enable_confidential_storage": false,
                "ephemeral_storage_local_ssd_config": [],
                "fast_socket": [],
                "gcfs_config": [],
                "guest_accelerator": [],
                "gvnic": [],
                "host_maintenance_policy": [],
                "image_type": "COS_CONTAINERD",
                "kubelet_config": [],
                "labels": {},
                "linux_node_config": [],
                "local_nvme_ssd_block_config": [],
                "local_ssd_count": 0,
                "logging_variant": "DEFAULT",
                "machine_type": "n1-standard-1",
                "metadata": {
                  "disable-legacy-endpoints": "true"
                },
                "min_cpu_platform": "",
                "node_group": "",
                "oauth_scopes": [
                  "https://www.googleapis.com/auth/cloud-platform"
                ],
                "preemptible": false,
                "reservation_affinity": [],
                "resource_labels": null,
                "resource_manager_tags": null,
                "secondary_boot_disks": [],
                "service_account": "nasir-gke-pub@nasir-gke-pub-dev.iam.gserviceaccount.com",
                "shielded_instance_config": [
                  {
                    "enable_integrity_monitoring": true,
                    "enable_secure_boot": false
                  }
                ],
                "sole_tenant_config": [],
                "spot": false,
                "storage_pools": null,
                "tags": null,
                "taint": [],
                "workload_metadata_config": []
              }
            ],
            "node_count": 0,
            "node_locations": [
              "us-central1-b",
              "us-central1-c",
              "us-central1-f"
            ],
            "operation": null,
            "placement_policy": [],
            "project": "nasir-gke-pub-dev",
            "queued_provisioning": [],
            "timeouts": null,
            "upgrade_settings": [
              {
                "blue_green_settings": [],
                "max_surge": 1,
                "max_unavailable": 0,
                "strategy": "SURGE"
              }
            ],
            "version": "1.30.4-gke.1348000"
          },
          "sensitive_attributes": [],
          "private": "eyJlMmJmYjczMC1lY2FhLTExZTYtOGY4OC0zNDM2M2JjN2M0YzAiOnsiY3JlYXRlIjoxODAwMDAwMDAwMDAwLCJkZWxldGUiOjE4MDAwMDAwMDAwMDAsInVwZGF0ZSI6MTgwMDAwMDAwMDAwMH0sInNjaGVtYV92ZXJzaW9uIjoiMSJ9",
          "dependencies": [
            "module.gke.google_container_cluster.gke_cluster",
            "module.vpc.google_compute_network.vpc_network",
            "module.vpc.google_compute_subnetwork.vpc_subnet"
          ]
        }
      ]
    },
    {
      "module": "module.gke",
      "mode": "managed",
      "type": "google_container_node_pool",
      "name": "separate_pool",
      "provider": "provider[\"registry.terraform.io/hashicorp/google\"]",
      "instances": [
        {
          "schema_version": 1,
          "attributes": {
            "autoscaling": [
              {
                "location_policy": "BALANCED",
                "max_node_count": 3,
                "min_node_count": 1,
                "total_max_node_count": 0,
                "total_min_node_count": 0
              }
            ],
            "cluster": "nasir-dev-cluster",
            "id": "projects/nasir-gke-pub-dev/locations/us-central1/clusters/nasir-dev-cluster/nodePools/nasir-dev-cluster-separate-pool",
            "initial_node_count": 0,
            "instance_group_urls": [
              "https://www.googleapis.com/compute/v1/projects/nasir-gke-pub-dev/zones/us-central1-c/instanceGroupManagers/gke-nasir-dev-cluste-nasir-dev-cluste-ab891683-grp",
              "https://www.googleapis.com/compute/v1/projects/nasir-gke-pub-dev/zones/us-central1-f/instanceGroupManagers/gke-nasir-dev-cluste-nasir-dev-cluste-ea1cfe8d-grp",
              "https://www.googleapis.com/compute/v1/projects/nasir-gke-pub-dev/zones/us-central1-b/instanceGroupManagers/gke-nasir-dev-cluste-nasir-dev-cluste-4cd88a79-grp"
            ],
            "location": "us-central1",
            "managed_instance_group_urls": [
              "https://www.googleapis.com/compute/v1/projects/nasir-gke-pub-dev/zones/us-central1-c/instanceGroups/gke-nasir-dev-cluste-nasir-dev-cluste-ab891683-grp",
              "https://www.googleapis.com/compute/v1/projects/nasir-gke-pub-dev/zones/us-central1-f/instanceGroups/gke-nasir-dev-cluste-nasir-dev-cluste-ea1cfe8d-grp",
              "https://www.googleapis.com/compute/v1/projects/nasir-gke-pub-dev/zones/us-central1-b/instanceGroups/gke-nasir-dev-cluste-nasir-dev-cluste-4cd88a79-grp"
            ],
            "management": [
              {
                "auto_repair": true,
                "auto_upgrade": true
              }
            ],
            "max_pods_per_node": 110,
            "name": "nasir-dev-cluster-separate-pool",
            "name_prefix": "",
            "network_config": [
              {
                "additional_node_network_configs": [],
                "additional_pod_network_configs": [],
                "create_pod_range": false,
                "enable_private_nodes": false,
                "network_performance_config": [],
                "pod_cidr_overprovision_config": [],
                "pod_ipv4_cidr_block": "10.156.0.0/14",
                "pod_range": "gke-nasir-dev-cluster-pods-50834c6c"
              }
            ],
            "node_config": [
              {
                "advanced_machine_features": [],
                "boot_disk_kms_key": "",
                "confidential_nodes": [],
                "containerd_config": [],
                "disk_size_gb": 100,
                "disk_type": "pd-standard",
                "effective_taints": [],
                "enable_confidential_storage": false,
                "ephemeral_storage_local_ssd_config": [],
                "fast_socket": [],
                "gcfs_config": [],
                "guest_accelerator": [],
                "gvnic": [],
                "host_maintenance_policy": [],
                "image_type": "COS_CONTAINERD",
                "kubelet_config": [],
                "labels": {},
                "linux_node_config": [],
                "local_nvme_ssd_block_config": [],
                "local_ssd_count": 0,
                "logging_variant": "DEFAULT",
                "machine_type": "e2-standard-4",
                "metadata": {
                  "disable-legacy-endpoints": "true"
                },
                "min_cpu_platform": "",
                "node_group": "",
                "oauth_scopes": [
                  "https://www.googleapis.com/auth/cloud-platform"
                ],
                "preemptible": false,
                "reservation_affinity": [],
                "resource_labels": null,
                "resource_manager_tags": null,
                "secondary_boot_disks": [],
                "service_account": "nasir-gke-pub@nasir-gke-pub-dev.iam.gserviceaccount.com",
                "shielded_instance_config": [
                  {
                    "enable_integrity_monitoring": true,
                    "enable_secure_boot": false
                  }
                ],
                "sole_tenant_config": [],
                "spot": false,
                "storage_pools": null,
                "tags": null,
                "taint": [],
                "workload_metadata_config": []
              }
            ],
            "node_count": 0,
            "node_locations": [
              "us-central1-b",
              "us-central1-c",
              "us-central1-f"
            ],
            "operation": null,
            "placement_policy": [],
            "project": "nasir-gke-pub-dev",
            "queued_provisioning": [],
            "timeouts": null,
            "upgrade_settings": [
              {
                "blue_green_settings": [],
                "max_surge": 1,
                "max_unavailable": 0,
                "strategy": "SURGE"
              }
            ],
            "version": "1.30.4-gke.1348000"
          },
          "sensitive_attributes": [],
          "private": "eyJlMmJmYjczMC1lY2FhLTExZTYtOGY4OC0zNDM2M2JjN2M0YzAiOnsiY3JlYXRlIjoxODAwMDAwMDAwMDAwLCJkZWxldGUiOjE4MDAwMDAwMDAwMDAsInVwZGF0ZSI6MTgwMDAwMDAwMDAwMH0sInNjaGVtYV92ZXJzaW9uIjoiMSJ9",
          "dependencies": [
            "module.gke.google_container_cluster.gke_cluster",
            "module.vpc.google_compute_network.vpc_network",
            "module.vpc.google_compute_subnetwork.vpc_subnet"
          ]
        }
      ]
    },
    {
      "module": "module.vpc",
      "mode": "managed",
      "type": "google_compute_network",
      "name": "vpc_network",
      "provider": "provider[\"registry.terraform.io/hashicorp/google\"]",
      "instances": [
        {
          "schema_version": 0,
          "attributes": {
            "auto_create_subnetworks": false,
            "delete_default_routes_on_create": false,
            "description": "",
            "enable_ula_internal_ipv6": false,
            "gateway_ipv4": "",
            "id": "projects/nasir-gke-pub-dev/global/networks/dev-vpc",
            "internal_ipv6_range": "",
            "mtu": 0,
            "name": "dev-vpc",
            "network_firewall_policy_enforcement_order": "AFTER_CLASSIC_FIREWALL",
            "numeric_id": "5413323495333946273",
            "project": "nasir-gke-pub-dev",
            "routing_mode": "REGIONAL",
            "self_link": "https://www.googleapis.com/compute/v1/projects/nasir-gke-pub-dev/global/networks/dev-vpc",
            "timeouts": null
          },
          "sensitive_attributes": [],
          "private": "eyJlMmJmYjczMC1lY2FhLTExZTYtOGY4OC0zNDM2M2JjN2M0YzAiOnsiY3JlYXRlIjoxMjAwMDAwMDAwMDAwLCJkZWxldGUiOjEyMDAwMDAwMDAwMDAsInVwZGF0ZSI6MTIwMDAwMDAwMDAwMH19"
        }
      ]
    },
    {
      "module": "module.vpc",
      "mode": "managed",
      "type": "google_compute_subnetwork",
      "name": "vpc_subnet",
      "provider": "provider[\"registry.terraform.io/hashicorp/google\"]",
      "instances": [
        {
          "schema_version": 0,
          "attributes": {
            "creation_timestamp": "2024-10-12T04:28:32.182-07:00",
            "description": "",
            "external_ipv6_prefix": "",
            "fingerprint": null,
            "gateway_address": "10.0.0.1",
            "id": "projects/nasir-gke-pub-dev/regions/us-central1/subnetworks/dev-subnet",
            "internal_ipv6_prefix": "",
            "ip_cidr_range": "10.0.0.0/24",
            "ipv6_access_type": "",
            "ipv6_cidr_range": "",
            "log_config": [],
            "name": "dev-subnet",
            "network": "https://www.googleapis.com/compute/v1/projects/nasir-gke-pub-dev/global/networks/dev-vpc",
            "private_ip_google_access": true,
            "private_ipv6_google_access": "DISABLE_GOOGLE_ACCESS",
            "project": "nasir-gke-pub-dev",
            "purpose": "PRIVATE",
            "region": "us-central1",
            "reserved_internal_range": "",
            "role": "",
            "secondary_ip_range": [],
            "self_link": "https://www.googleapis.com/compute/v1/projects/nasir-gke-pub-dev/regions/us-central1/subnetworks/dev-subnet",
            "send_secondary_ip_range_if_empty": null,
            "stack_type": "IPV4_ONLY",
            "timeouts": null
          },
          "sensitive_attributes": [],
          "private": "eyJlMmJmYjczMC1lY2FhLTExZTYtOGY4OC0zNDM2M2JjN2M0YzAiOnsiY3JlYXRlIjoxMjAwMDAwMDAwMDAwLCJkZWxldGUiOjEyMDAwMDAwMDAwMDAsInVwZGF0ZSI6MTIwMDAwMDAwMDAwMH19",
          "dependencies": [
            "module.vpc.google_compute_network.vpc_network"
          ]
        }
      ]
    }
  ],
  "check_results": null
}
